
Microsoft Visual Studio Solution File, Format Version 12.00
# Visual Studio Version 17
VisualStudioVersion = 17.1.32210.238
MinimumVisualStudioVersion = 10.0.40219.1
Project("{FAE04EC0-301F-11D3-BF4B-00C04F79EFBC}") = "SysChislen", "SysChislen\SysChislen.csproj", "{448E5566-B036-4951-B7D7-47CA1A355C30}"
EndProject
Global
	GlobalSection(SolutionConfigurationPlatforms) = preSolution
		Debug|Any CPU = Debug|Any CPU
		Release|Any CPU = Release|Any CPU
	EndGlobalSection
	GlobalSection(ProjectConfigurationPlatforms) = postSolution
		{448E5566-B036-4951-B7D7-47CA1A355C30}.Debug|Any CPU.ActiveCfg = Debug|Any CPU
		{448E5566-B036-4951-B7D7-47CA1A355C30}.Debug|Any CPU.Build.0 = Debug|Any CPU
		{448E5566-B036-4951-B7D7-47CA1A355C30}.Release|Any CPU.ActiveCfg = Release|Any CPU
		{448E5566-B036-4951-B7D7-47CA1A355C30}.Release|Any CPU.Build.0 = Release|Any CPU
	EndGlobalSection
	GlobalSection(SolutionProperties) = preSolution
		HideSolutionNode = FALSE
	EndGlobalSection
	GlobalSection(ExtensibilityGlobals) = postSolution
		SolutionGuid = {2B4BAEEB-E609-4966-BF14-A83A60407EBA}
	EndGlobalSection
EndGlobal
